
Microsoft Visual Studio Solution File, Format Version 12.00
# Visual Studio 15
VisualStudioVersion = 15.0.27004.2009
MinimumVisualStudioVersion = 10.0.40219.1
Project("{8BC9CEB8-8B4A-11D0-8D11-00A0C91BC942}") = "NppPluginBuildEnvironment", "NppPluginBuildEnvironment.vcxproj", "{1590D7CD-7D3A-4AB7-A355-EE02F7FB987D}"
EndProject
Project("{8BC9CEB8-8B4A-11D0-8D11-00A0C91BC942}") = "NppPluginBuildEnvironmentApp", "NppPluginBuildEnvironmentApp\NppPluginBuildEnvironmentApp.vcxproj", "{7C8A2F80-2028-4A9C-8951-8E4999DD1C84}"
	ProjectSection(ProjectDependencies) = postProject
		{1590D7CD-7D3A-4AB7-A355-EE02F7FB987D} = {1590D7CD-7D3A-4AB7-A355-EE02F7FB987D}
	EndProjectSection
EndProject
Global
	GlobalSection(SolutionConfigurationPlatforms) = preSolution
		ANSI Debug|Win32 = ANSI Debug|Win32
		ANSI Debug|x64 = ANSI Debug|x64
		ANSI Release|Win32 = ANSI Release|Win32
		ANSI Release|x64 = ANSI Release|x64
		Debug|Win32 = Debug|Win32
		Debug|x64 = Debug|x64
		Installer|Win32 = Installer|Win32
		Installer|x64 = Installer|x64
		Release|Win32 = Release|Win32
		Release|x64 = Release|x64
		Unicode Debug|Win32 = Unicode Debug|Win32
		Unicode Debug|x64 = Unicode Debug|x64
		Unicode Release|Win32 = Unicode Release|Win32
		Unicode Release|x64 = Unicode Release|x64
	EndGlobalSection
	GlobalSection(ProjectConfigurationPlatforms) = postSolution
		{1590D7CD-7D3A-4AB7-A355-EE02F7FB987D}.ANSI Debug|Win32.ActiveCfg = ANSI Debug|Win32
		{1590D7CD-7D3A-4AB7-A355-EE02F7FB987D}.ANSI Debug|Win32.Build.0 = ANSI Debug|Win32
		{1590D7CD-7D3A-4AB7-A355-EE02F7FB987D}.ANSI Debug|x64.ActiveCfg = ANSI Debug|Win32
		{1590D7CD-7D3A-4AB7-A355-EE02F7FB987D}.ANSI Release|Win32.ActiveCfg = ANSI Debug|Win32
		{1590D7CD-7D3A-4AB7-A355-EE02F7FB987D}.ANSI Release|Win32.Build.0 = ANSI Release|Win32
		{1590D7CD-7D3A-4AB7-A355-EE02F7FB987D}.ANSI Release|x64.ActiveCfg = ANSI Debug|Win32
		{1590D7CD-7D3A-4AB7-A355-EE02F7FB987D}.Debug|Win32.ActiveCfg = ANSI Debug|Win32
		{1590D7CD-7D3A-4AB7-A355-EE02F7FB987D}.Debug|Win32.Build.0 = Unicode Debug|Win32
		{1590D7CD-7D3A-4AB7-A355-EE02F7FB987D}.Debug|x64.ActiveCfg = ANSI Debug|Win32
		{1590D7CD-7D3A-4AB7-A355-EE02F7FB987D}.Installer|Win32.ActiveCfg = ANSI Debug|Win32
		{1590D7CD-7D3A-4AB7-A355-EE02F7FB987D}.Installer|Win32.Build.0 = Installer|Win32
		{1590D7CD-7D3A-4AB7-A355-EE02F7FB987D}.Installer|x64.ActiveCfg = ANSI Debug|Win32
		{1590D7CD-7D3A-4AB7-A355-EE02F7FB987D}.Release|Win32.ActiveCfg = ANSI Debug|Win32
		{1590D7CD-7D3A-4AB7-A355-EE02F7FB987D}.Release|Win32.Build.0 = Unicode Release|Win32
		{1590D7CD-7D3A-4AB7-A355-EE02F7FB987D}.Release|x64.ActiveCfg = ANSI Debug|Win32
		{1590D7CD-7D3A-4AB7-A355-EE02F7FB987D}.Unicode Debug|Win32.ActiveCfg = Unicode Debug|Win32
		{1590D7CD-7D3A-4AB7-A355-EE02F7FB987D}.Unicode Debug|Win32.Build.0 = Unicode Debug|Win32
		{1590D7CD-7D3A-4AB7-A355-EE02F7FB987D}.Unicode Debug|x64.ActiveCfg = Unicode Debug|x64
		{1590D7CD-7D3A-4AB7-A355-EE02F7FB987D}.Unicode Debug|x64.Build.0 = Unicode Debug|x64
		{1590D7CD-7D3A-4AB7-A355-EE02F7FB987D}.Unicode Release|Win32.ActiveCfg = Unicode Release|Win32
		{1590D7CD-7D3A-4AB7-A355-EE02F7FB987D}.Unicode Release|Win32.Build.0 = Unicode Release|Win32
		{1590D7CD-7D3A-4AB7-A355-EE02F7FB987D}.Unicode Release|x64.ActiveCfg = Unicode Release|x64
		{1590D7CD-7D3A-4AB7-A355-EE02F7FB987D}.Unicode Release|x64.Build.0 = Unicode Release|x64
		{7C8A2F80-2028-4A9C-8951-8E4999DD1C84}.ANSI Debug|Win32.ActiveCfg = Unicode Release|Win32
		{7C8A2F80-2028-4A9C-8951-8E4999DD1C84}.ANSI Debug|Win32.Build.0 = Unicode Release|Win32
		{7C8A2F80-2028-4A9C-8951-8E4999DD1C84}.ANSI Debug|x64.ActiveCfg = Unicode Release|Win32
		{7C8A2F80-2028-4A9C-8951-8E4999DD1C84}.ANSI Release|Win32.ActiveCfg = Unicode Release|Win32
		{7C8A2F80-2028-4A9C-8951-8E4999DD1C84}.ANSI Release|Win32.Build.0 = Unicode Release|Win32
		{7C8A2F80-2028-4A9C-8951-8E4999DD1C84}.ANSI Release|x64.ActiveCfg = Unicode Release|Win32
		{7C8A2F80-2028-4A9C-8951-8E4999DD1C84}.Debug|Win32.ActiveCfg = Unicode Release|Win32
		{7C8A2F80-2028-4A9C-8951-8E4999DD1C84}.Debug|Win32.Build.0 = Unicode Debug|Win32
		{7C8A2F80-2028-4A9C-8951-8E4999DD1C84}.Debug|x64.ActiveCfg = Unicode Release|Win32
		{7C8A2F80-2028-4A9C-8951-8E4999DD1C84}.Installer|Win32.ActiveCfg = Unicode Release|Win32
		{7C8A2F80-2028-4A9C-8951-8E4999DD1C84}.Installer|Win32.Build.0 = Unicode Release|Win32
		{7C8A2F80-2028-4A9C-8951-8E4999DD1C84}.Installer|x64.ActiveCfg = Unicode Release|Win32
		{7C8A2F80-2028-4A9C-8951-8E4999DD1C84}.Release|Win32.ActiveCfg = Unicode Release|Win32
		{7C8A2F80-2028-4A9C-8951-8E4999DD1C84}.Release|Win32.Build.0 = Unicode Release|Win32
		{7C8A2F80-2028-4A9C-8951-8E4999DD1C84}.Release|x64.ActiveCfg = Unicode Release|Win32
		{7C8A2F80-2028-4A9C-8951-8E4999DD1C84}.Unicode Debug|Win32.ActiveCfg = Unicode Debug|Win32
		{7C8A2F80-2028-4A9C-8951-8E4999DD1C84}.Unicode Debug|Win32.Build.0 = Unicode Debug|Win32
		{7C8A2F80-2028-4A9C-8951-8E4999DD1C84}.Unicode Debug|x64.ActiveCfg = Unicode Debug|x64
		{7C8A2F80-2028-4A9C-8951-8E4999DD1C84}.Unicode Debug|x64.Build.0 = Unicode Debug|x64
		{7C8A2F80-2028-4A9C-8951-8E4999DD1C84}.Unicode Release|Win32.ActiveCfg = Unicode Release|Win32
		{7C8A2F80-2028-4A9C-8951-8E4999DD1C84}.Unicode Release|Win32.Build.0 = Unicode Release|Win32
		{7C8A2F80-2028-4A9C-8951-8E4999DD1C84}.Unicode Release|x64.ActiveCfg = Unicode Release|x64
		{7C8A2F80-2028-4A9C-8951-8E4999DD1C84}.Unicode Release|x64.Build.0 = Unicode Release|x64
	EndGlobalSection
	GlobalSection(SolutionProperties) = preSolution
		HideSolutionNode = FALSE
	EndGlobalSection
	GlobalSection(ExtensibilityGlobals) = postSolution
		SolutionGuid = {F792F569-5FF8-4B3F-8D57-C3F27EC9CE55}
	EndGlobalSection
EndGlobal
