<?xml version="1.0" encoding="utf-8"?>
<Project ToolsVersion="4.0" xmlns="http://schemas.microsoft.com/developer/msbuild/2003">
  <ItemGroup>
    <ClCompile Include="..\NppPluginInterface\NppPluginMain.cpp">
      <Filter>Source Files</Filter>
    </ClCompile>
    <ClCompile Include="..\NppPluginInterface\NppPlugin.cpp">
      <Filter>Source Files</Filter>
    </ClCompile>
    <ClCompile Include="NppPluginResource.cpp">
      <Filter>Source Files</Filter>
    </ClCompile>
    <ClCompile Include="..\NppPluginInterface\SettingsDlg.cpp">
      <Filter>Source Files</Filter>
    </ClCompile>
    <ClCompile Include="..\NppPluginInterface\StaticDialog.cpp">
      <Filter>Source Files</Filter>
    </ClCompile>
  </ItemGroup>
  <ItemGroup>
    <ClInclude Include="PluginInterface.h">
      <Filter>Header Files</Filter>
    </ClInclude>
    <ClInclude Include="Notepad_plus_msgs.h">
      <Filter>Header Files</Filter>
    </ClInclude>
    <ClInclude Include="menuCmdID.h">
      <Filter>Header Files</Filter>
    </ClInclude>
    <ClInclude Include="NppPluginResource.hpp">
      <Filter>Header Files</Filter>
    </ClInclude>
  </ItemGroup>
  <ItemGroup>
    <None Include="..\NppPluginTools\lst2rc.bat">
      <Filter>Script Files</Filter>
    </None>
    <None Include="..\NppPluginTools\rc2cpp.bat">
      <Filter>Script Files</Filter>
    </None>
    <None Include="..\NppPluginTools\rc2hpp.bat">
      <Filter>Script Files</Filter>
    </None>
    <None Include="setup\NppPluginProject_Environment.vcxproj.iss">
      <Filter>Setup Files</Filter>
    </None>
    <None Include="NppPluginProject_EnvironmentResource.lst">
      <Filter>Resource Files</Filter>
    </None>
  </ItemGroup>
  <ItemGroup>
    <Text Include="..\NppPluginTools\lst2rc.readme.txt">
      <Filter>Script Files</Filter>
    </Text>
    <Text Include="..\NppPluginTools\rc2cpp.readme.txt">
      <Filter>Script Files</Filter>
    </Text>
    <Text Include="..\NppPluginTools\rc2hpp.readme.txt">
      <Filter>Script Files</Filter>
    </Text>
  </ItemGroup>
  <ItemGroup>
    <Filter Include="Script Files">
      <UniqueIdentifier>{6f2312ee-f0ad-402b-bc45-ed3c6a6b2bdd}</UniqueIdentifier>
    </Filter>
    <Filter Include="Header Files">
      <UniqueIdentifier>{cffc7300-6fe6-4fc8-9044-5b0a86e9e7f7}</UniqueIdentifier>
    </Filter>
    <Filter Include="Source Files">
      <UniqueIdentifier>{ae413990-3975-4878-a1a7-4d11e3901e45}</UniqueIdentifier>
    </Filter>
    <Filter Include="Resource Files">
      <UniqueIdentifier>{04e41f77-6be5-43f7-a6d2-ba5ed80fe14e}</UniqueIdentifier>
    </Filter>
    <Filter Include="Setup Files">
      <UniqueIdentifier>{00eff8cb-d73b-4c08-a29d-393ea86f16ce}</UniqueIdentifier>
    </Filter>
  </ItemGroup>
  <ItemGroup>
    <ResourceCompile Include="NppPluginResource.rc">
      <Filter>Resource Files</Filter>
    </ResourceCompile>
  </ItemGroup>
</Project>